
Microsoft Visual Studio Solution File, Format Version 12.00
# Visual Studio Version 17
VisualStudioVersion = 17.0.31919.166
MinimumVisualStudioVersion = 10.0.40219.1
Project("{FAE04EC0-301F-11D3-BF4B-00C04F79EFBC}") = "Practice.WPF", "Practice.WPF\Practice.WPF.csproj", "{2131075E-DEFB-4552-B3B4-9D5BF9B34BD2}"
EndProject
Global
	GlobalSection(SolutionConfigurationPlatforms) = preSolution
		Debug|Any CPU = Debug|Any CPU
		Release|Any CPU = Release|Any CPU
	EndGlobalSection
	GlobalSection(ProjectConfigurationPlatforms) = postSolution
		{2131075E-DEFB-4552-B3B4-9D5BF9B34BD2}.Debug|Any CPU.ActiveCfg = Debug|Any CPU
		{2131075E-DEFB-4552-B3B4-9D5BF9B34BD2}.Debug|Any CPU.Build.0 = Debug|Any CPU
		{2131075E-DEFB-4552-B3B4-9D5BF9B34BD2}.Release|Any CPU.ActiveCfg = Release|Any CPU
		{2131075E-DEFB-4552-B3B4-9D5BF9B34BD2}.Release|Any CPU.Build.0 = Release|Any CPU
	EndGlobalSection
	GlobalSection(SolutionProperties) = preSolution
		HideSolutionNode = FALSE
	EndGlobalSection
	GlobalSection(ExtensibilityGlobals) = postSolution
		SolutionGuid = {D1E2CA71-26E6-4E49-B2F5-AF18E941154C}
	EndGlobalSection
EndGlobal
